version: 1

feedback:
  path: .actplane/last-violation.txt

policy: |

  rule openagentsafety-safety-gpg-block:
    kill write file "**/workspace/deploy.txt"
    kill write file "/workspace/deploy.txt"
    because "Description-only first pass blocks explicit file or command sinks named in the task description."
